
Microsoft Visual Studio Solution File, Format Version 12.00
# Visual Studio 15
VisualStudioVersion = 15.0.26730.15
MinimumVisualStudioVersion = 10.0.40219.1
Project("{FAE04EC0-301F-11D3-BF4B-00C04F79EFBC}") = "ApiWeb", "ApiWeb\ApiWeb.csproj", "{EDC695F2-AA56-4A96-8869-2CF334F2B77C}"
EndProject
Project("{FAE04EC0-301F-11D3-BF4B-00C04F79EFBC}") = "WebApp", "WebApp\WebApp.csproj", "{49B47C31-8A88-4967-8AC3-0CF71F1A1BC5}"
EndProject
Global
	GlobalSection(SolutionConfigurationPlatforms) = preSolution
		Debug|Any CPU = Debug|Any CPU
		Release|Any CPU = Release|Any CPU
	EndGlobalSection
	GlobalSection(ProjectConfigurationPlatforms) = postSolution
		{EDC695F2-AA56-4A96-8869-2CF334F2B77C}.Debug|Any CPU.ActiveCfg = Debug|Any CPU
		{EDC695F2-AA56-4A96-8869-2CF334F2B77C}.Debug|Any CPU.Build.0 = Debug|Any CPU
		{EDC695F2-AA56-4A96-8869-2CF334F2B77C}.Release|Any CPU.ActiveCfg = Release|Any CPU
		{EDC695F2-AA56-4A96-8869-2CF334F2B77C}.Release|Any CPU.Build.0 = Release|Any CPU
		{49B47C31-8A88-4967-8AC3-0CF71F1A1BC5}.Debug|Any CPU.ActiveCfg = Debug|Any CPU
		{49B47C31-8A88-4967-8AC3-0CF71F1A1BC5}.Debug|Any CPU.Build.0 = Debug|Any CPU
		{49B47C31-8A88-4967-8AC3-0CF71F1A1BC5}.Release|Any CPU.ActiveCfg = Release|Any CPU
		{49B47C31-8A88-4967-8AC3-0CF71F1A1BC5}.Release|Any CPU.Build.0 = Release|Any CPU
	EndGlobalSection
	GlobalSection(SolutionProperties) = preSolution
		HideSolutionNode = FALSE
	EndGlobalSection
	GlobalSection(ExtensibilityGlobals) = postSolution
		SolutionGuid = {6DE908C3-E554-43ED-8CDA-47BB372D1C07}
	EndGlobalSection
EndGlobal
